# This file is automatically @generated by Poetry 2.1.3 and should not be changed by hand.

[[package]]
name = "tenacity"
version = "9.1.2"
description = "Retry code until it succeeds"
optional = false
python-versions = ">=3.9"
groups = ["main"]
files = [
    {file = "tenacity-9.1.2-py3-none-any.whl", hash = "sha256:f77bf36710d8b73a50b2dd155c97b870017ad21afe6ab300326b0371b3b05138"},
    {file = "tenacity-9.1.2.tar.gz", hash = "sha256:1169d376c297e7de388d18b4481760d478b0e99a777cad3a9c86e556f4b697cb"},
]

[package.extras]
doc = ["reno", "sphinx"]
test = ["pytest", "tornado (>=4.5)", "typeguard"]

[metadata]
lock-version = "2.1"
python-versions = ">=3.10"
content-hash = "b2f357681730f0bd0b19c4a4d6114e61530a15198fb71ee923a978d7524399cd"
